
Microsoft Visual Studio Solution File, Format Version 12.00
# Visual Studio Version 16
VisualStudioVersion = 16.0.30717.126
MinimumVisualStudioVersion = 10.0.40219.1
Project("{2150E333-8FDC-42A3-9474-1A3956D46DE8}") = "UI", "UI", "{B1B1091B-8E08-480E-BF51-496B3FDDA467}"
EndProject
Project("{2150E333-8FDC-42A3-9474-1A3956D46DE8}") = "Services", "Services", "{9501E5E5-E696-44BD-A29D-5032E8926854}"
EndProject
Project("{2150E333-8FDC-42A3-9474-1A3956D46DE8}") = "Common", "Common", "{BF774470-2BEF-426E-A7EF-8AC26B312A65}"
EndProject
Project("{9A19103F-16F7-4668-BE54-9A1E7A4F7556}") = "WebStore.Domain", "Common\WebStore.Domain\WebStore.Domain.csproj", "{90FD6E69-5EAD-4C35-92CC-BD3BA893CC0F}"
EndProject
Project("{9A19103F-16F7-4668-BE54-9A1E7A4F7556}") = "WebStore.DAL", "Services\WebStore.DAL\WebStore.DAL.csproj", "{716695AA-3293-4DDA-8D2A-DD868E5044CF}"
EndProject
Project("{9A19103F-16F7-4668-BE54-9A1E7A4F7556}") = "WebStore", "UI\WebStore\WebStore.csproj", "{57C6655C-9621-44CE-A3E2-77FD1BA74F8D}"
EndProject
Project("{9A19103F-16F7-4668-BE54-9A1E7A4F7556}") = "Webstore.Services", "Services\Webstore.Services\Webstore.Services.csproj", "{CB5C01E3-9447-4B1D-9CB5-FBDBB39A5F81}"
EndProject
Project("{9A19103F-16F7-4668-BE54-9A1E7A4F7556}") = "Webstore.Interfaces", "Services\Webstore.Interfaces\Webstore.Interfaces.csproj", "{0EAD0E77-E094-478D-A0B6-3357A2B48A76}"
EndProject
Project("{9A19103F-16F7-4668-BE54-9A1E7A4F7556}") = "Webstore.ServiceHosting", "Services\Webstore.ServiceHosting\Webstore.ServiceHosting.csproj", "{EC51F57C-9E8F-440C-9C32-6C9A36CF00B2}"
EndProject
Project("{9A19103F-16F7-4668-BE54-9A1E7A4F7556}") = "Webstore.Clients", "Services\Webstore.Clients\Webstore.Clients.csproj", "{BF5C7F83-CB92-4248-A77C-2FF05AB6C728}"
EndProject
Project("{FAE04EC0-301F-11D3-BF4B-00C04F79EFBC}") = "WebStore.Console", "UI\WebStore.Console\WebStore.Console.csproj", "{FA9D3B0A-5AD7-4FA1-81DD-412D35D07DFB}"
EndProject
Global
	GlobalSection(SolutionConfigurationPlatforms) = preSolution
		Debug|Any CPU = Debug|Any CPU
		Release|Any CPU = Release|Any CPU
	EndGlobalSection
	GlobalSection(ProjectConfigurationPlatforms) = postSolution
		{90FD6E69-5EAD-4C35-92CC-BD3BA893CC0F}.Debug|Any CPU.ActiveCfg = Debug|Any CPU
		{90FD6E69-5EAD-4C35-92CC-BD3BA893CC0F}.Debug|Any CPU.Build.0 = Debug|Any CPU
		{90FD6E69-5EAD-4C35-92CC-BD3BA893CC0F}.Release|Any CPU.ActiveCfg = Release|Any CPU
		{90FD6E69-5EAD-4C35-92CC-BD3BA893CC0F}.Release|Any CPU.Build.0 = Release|Any CPU
		{716695AA-3293-4DDA-8D2A-DD868E5044CF}.Debug|Any CPU.ActiveCfg = Debug|Any CPU
		{716695AA-3293-4DDA-8D2A-DD868E5044CF}.Debug|Any CPU.Build.0 = Debug|Any CPU
		{716695AA-3293-4DDA-8D2A-DD868E5044CF}.Release|Any CPU.ActiveCfg = Release|Any CPU
		{716695AA-3293-4DDA-8D2A-DD868E5044CF}.Release|Any CPU.Build.0 = Release|Any CPU
		{57C6655C-9621-44CE-A3E2-77FD1BA74F8D}.Debug|Any CPU.ActiveCfg = Debug|Any CPU
		{57C6655C-9621-44CE-A3E2-77FD1BA74F8D}.Debug|Any CPU.Build.0 = Debug|Any CPU
		{57C6655C-9621-44CE-A3E2-77FD1BA74F8D}.Release|Any CPU.ActiveCfg = Release|Any CPU
		{57C6655C-9621-44CE-A3E2-77FD1BA74F8D}.Release|Any CPU.Build.0 = Release|Any CPU
		{CB5C01E3-9447-4B1D-9CB5-FBDBB39A5F81}.Debug|Any CPU.ActiveCfg = Debug|Any CPU
		{CB5C01E3-9447-4B1D-9CB5-FBDBB39A5F81}.Debug|Any CPU.Build.0 = Debug|Any CPU
		{CB5C01E3-9447-4B1D-9CB5-FBDBB39A5F81}.Release|Any CPU.ActiveCfg = Release|Any CPU
		{CB5C01E3-9447-4B1D-9CB5-FBDBB39A5F81}.Release|Any CPU.Build.0 = Release|Any CPU
		{0EAD0E77-E094-478D-A0B6-3357A2B48A76}.Debug|Any CPU.ActiveCfg = Debug|Any CPU
		{0EAD0E77-E094-478D-A0B6-3357A2B48A76}.Debug|Any CPU.Build.0 = Debug|Any CPU
		{0EAD0E77-E094-478D-A0B6-3357A2B48A76}.Release|Any CPU.ActiveCfg = Release|Any CPU
		{0EAD0E77-E094-478D-A0B6-3357A2B48A76}.Release|Any CPU.Build.0 = Release|Any CPU
		{EC51F57C-9E8F-440C-9C32-6C9A36CF00B2}.Debug|Any CPU.ActiveCfg = Debug|Any CPU
		{EC51F57C-9E8F-440C-9C32-6C9A36CF00B2}.Debug|Any CPU.Build.0 = Debug|Any CPU
		{EC51F57C-9E8F-440C-9C32-6C9A36CF00B2}.Release|Any CPU.ActiveCfg = Release|Any CPU
		{EC51F57C-9E8F-440C-9C32-6C9A36CF00B2}.Release|Any CPU.Build.0 = Release|Any CPU
		{BF5C7F83-CB92-4248-A77C-2FF05AB6C728}.Debug|Any CPU.ActiveCfg = Debug|Any CPU
		{BF5C7F83-CB92-4248-A77C-2FF05AB6C728}.Debug|Any CPU.Build.0 = Debug|Any CPU
		{BF5C7F83-CB92-4248-A77C-2FF05AB6C728}.Release|Any CPU.ActiveCfg = Release|Any CPU
		{BF5C7F83-CB92-4248-A77C-2FF05AB6C728}.Release|Any CPU.Build.0 = Release|Any CPU
		{FA9D3B0A-5AD7-4FA1-81DD-412D35D07DFB}.Debug|Any CPU.ActiveCfg = Debug|Any CPU
		{FA9D3B0A-5AD7-4FA1-81DD-412D35D07DFB}.Debug|Any CPU.Build.0 = Debug|Any CPU
		{FA9D3B0A-5AD7-4FA1-81DD-412D35D07DFB}.Release|Any CPU.ActiveCfg = Release|Any CPU
		{FA9D3B0A-5AD7-4FA1-81DD-412D35D07DFB}.Release|Any CPU.Build.0 = Release|Any CPU
	EndGlobalSection
	GlobalSection(SolutionProperties) = preSolution
		HideSolutionNode = FALSE
	EndGlobalSection
	GlobalSection(NestedProjects) = preSolution
		{90FD6E69-5EAD-4C35-92CC-BD3BA893CC0F} = {BF774470-2BEF-426E-A7EF-8AC26B312A65}
		{716695AA-3293-4DDA-8D2A-DD868E5044CF} = {9501E5E5-E696-44BD-A29D-5032E8926854}
		{57C6655C-9621-44CE-A3E2-77FD1BA74F8D} = {B1B1091B-8E08-480E-BF51-496B3FDDA467}
		{CB5C01E3-9447-4B1D-9CB5-FBDBB39A5F81} = {9501E5E5-E696-44BD-A29D-5032E8926854}
		{0EAD0E77-E094-478D-A0B6-3357A2B48A76} = {9501E5E5-E696-44BD-A29D-5032E8926854}
		{EC51F57C-9E8F-440C-9C32-6C9A36CF00B2} = {9501E5E5-E696-44BD-A29D-5032E8926854}
		{BF5C7F83-CB92-4248-A77C-2FF05AB6C728} = {9501E5E5-E696-44BD-A29D-5032E8926854}
		{FA9D3B0A-5AD7-4FA1-81DD-412D35D07DFB} = {B1B1091B-8E08-480E-BF51-496B3FDDA467}
	EndGlobalSection
	GlobalSection(ExtensibilityGlobals) = postSolution
		SolutionGuid = {46EB41B1-EDB9-4CF4-944B-789B8E104404}
	EndGlobalSection
EndGlobal
